
Microsoft Visual Studio Solution File, Format Version 12.00
# Visual Studio Version 17
VisualStudioVersion = 17.11.35312.102
MinimumVisualStudioVersion = 10.0.40219.1
Project("{FAE04EC0-301F-11D3-BF4B-00C04F79EFBC}") = "ExampleCodeToTest", "ExampleCodeToTest\ExampleCodeToTest.csproj", "{98287602-2A0B-4E83-A05F-B62DDD1EB9A3}"
EndProject
Project("{FAE04EC0-301F-11D3-BF4B-00C04F79EFBC}") = "SourceGenerator", "SourceGenerator\SourceGenerator.csproj", "{B837FE7B-6C0D-484D-BD03-99DFBB9269C6}"
EndProject
Global
	GlobalSection(SolutionConfigurationPlatforms) = preSolution
		Debug|Any CPU = Debug|Any CPU
		Release|Any CPU = Release|Any CPU
	EndGlobalSection
	GlobalSection(ProjectConfigurationPlatforms) = postSolution
		{98287602-2A0B-4E83-A05F-B62DDD1EB9A3}.Debug|Any CPU.ActiveCfg = Debug|Any CPU
		{98287602-2A0B-4E83-A05F-B62DDD1EB9A3}.Debug|Any CPU.Build.0 = Debug|Any CPU
		{98287602-2A0B-4E83-A05F-B62DDD1EB9A3}.Release|Any CPU.ActiveCfg = Release|Any CPU
		{98287602-2A0B-4E83-A05F-B62DDD1EB9A3}.Release|Any CPU.Build.0 = Release|Any CPU
		{B837FE7B-6C0D-484D-BD03-99DFBB9269C6}.Debug|Any CPU.ActiveCfg = Debug|Any CPU
		{B837FE7B-6C0D-484D-BD03-99DFBB9269C6}.Debug|Any CPU.Build.0 = Debug|Any CPU
		{B837FE7B-6C0D-484D-BD03-99DFBB9269C6}.Release|Any CPU.ActiveCfg = Release|Any CPU
		{B837FE7B-6C0D-484D-BD03-99DFBB9269C6}.Release|Any CPU.Build.0 = Release|Any CPU
	EndGlobalSection
	GlobalSection(SolutionProperties) = preSolution
		HideSolutionNode = FALSE
	EndGlobalSection
	GlobalSection(ExtensibilityGlobals) = postSolution
		SolutionGuid = {DCA72C95-1F3E-4473-B057-61E1A421900F}
	EndGlobalSection
EndGlobal
